
Microsoft Visual Studio Solution File, Format Version 12.00
# Visual Studio Version 17
VisualStudioVersion = 17.5.33516.290
MinimumVisualStudioVersion = 10.0.40219.1
Project("{FAE04EC0-301F-11D3-BF4B-00C04F79EFBC}") = "MethodAckermannFunction", "MethodAckermannFunction\MethodAckermannFunction.csproj", "{2325586F-4FF0-447D-BCBB-515672B5FDAB}"
EndProject
Global
	GlobalSection(SolutionConfigurationPlatforms) = preSolution
		Debug|Any CPU = Debug|Any CPU
		Release|Any CPU = Release|Any CPU
	EndGlobalSection
	GlobalSection(ProjectConfigurationPlatforms) = postSolution
		{2325586F-4FF0-447D-BCBB-515672B5FDAB}.Debug|Any CPU.ActiveCfg = Debug|Any CPU
		{2325586F-4FF0-447D-BCBB-515672B5FDAB}.Debug|Any CPU.Build.0 = Debug|Any CPU
		{2325586F-4FF0-447D-BCBB-515672B5FDAB}.Release|Any CPU.ActiveCfg = Release|Any CPU
		{2325586F-4FF0-447D-BCBB-515672B5FDAB}.Release|Any CPU.Build.0 = Release|Any CPU
	EndGlobalSection
	GlobalSection(SolutionProperties) = preSolution
		HideSolutionNode = FALSE
	EndGlobalSection
	GlobalSection(ExtensibilityGlobals) = postSolution
		SolutionGuid = {8272ED5D-05FB-4125-BE98-C7CD0588ADF1}
	EndGlobalSection
EndGlobal
