
Microsoft Visual Studio Solution File, Format Version 12.00
# Visual Studio Version 17
VisualStudioVersion = 17.5.33516.290
MinimumVisualStudioVersion = 10.0.40219.1
Project("{9A19103F-16F7-4668-BE54-9A1E7A4F7556}") = "BranchingLoopsCourses", "BranchingLoopsCourses\BranchingLoopsCourses.csproj", "{F106BC10-E198-4537-8E6D-65B1D2067A84}"
EndProject
Project("{9A19103F-16F7-4668-BE54-9A1E7A4F7556}") = "00DataRead", "00DataRead\00DataRead.csproj", "{9C972E7D-C6E8-4330-BD02-ACF9D7BA3177}"
EndProject
Project("{9A19103F-16F7-4668-BE54-9A1E7A4F7556}") = "01Random", "01Random\01Random.csproj", "{8AAF7F54-3A84-4885-970F-13D4851E9192}"
EndProject
Project("{9A19103F-16F7-4668-BE54-9A1E7A4F7556}") = "02IfStatement", "02IfStatement\02IfStatement.csproj", "{7FC91351-34B1-4523-94A9-A150CD3923FD}"
EndProject
Project("{9A19103F-16F7-4668-BE54-9A1E7A4F7556}") = "03IfElseStatement", "03IfElseStatement\03IfElseStatement.csproj", "{C2BF9F71-FD25-4725-8E5F-BD8AA403C0C8}"
EndProject
Project("{9A19103F-16F7-4668-BE54-9A1E7A4F7556}") = "04TemperatureClothes", "04TemperatureClothes\04TemperatureClothes.csproj", "{8436DB91-92C1-4DED-881F-E26A92D7A36D}"
EndProject
Project("{9A19103F-16F7-4668-BE54-9A1E7A4F7556}") = "05ClientMaxMin", "05ClientMaxMin\05ClientMaxMin.csproj", "{C0D86380-271E-460A-84CB-9AC337BA8155}"
EndProject
Project("{9A19103F-16F7-4668-BE54-9A1E7A4F7556}") = "06ClientDays", "06ClientDays\06ClientDays.csproj", "{DA545199-C60C-414D-AB52-FE580C88FD4F}"
EndProject
Project("{9A19103F-16F7-4668-BE54-9A1E7A4F7556}") = "07TernaryOperator", "07TernaryOperator\07TernaryOperator.csproj", "{01A75813-D4B0-4355-BE2C-33E18E386BDD}"
EndProject
Project("{9A19103F-16F7-4668-BE54-9A1E7A4F7556}") = "08ThreeRandomRange", "08ThreeRandomRange\08ThreeRandomRange.csproj", "{ABEAEFD0-E6B5-44EA-A838-1B9BD5EC978F}"
EndProject
Project("{9A19103F-16F7-4668-BE54-9A1E7A4F7556}") = "09TwoSameType", "09TwoSameType\09TwoSameType.csproj", "{E7362639-3B52-4334-873A-5F600697B562}"
EndProject
Project("{FAE04EC0-301F-11D3-BF4B-00C04F79EFBC}") = "10SwitchStatement", "10SwitchStatement\10SwitchStatement.csproj", "{40A26874-0162-4D38-B2D4-822F8C22E779}"
EndProject
Project("{FAE04EC0-301F-11D3-BF4B-00C04F79EFBC}") = "11ClientRandomLevel", "11ClientRandomLevel\11ClientRandomLevel.csproj", "{6ACF633D-36FE-4FDA-9DCA-9927CEE625C3}"
EndProject
Project("{FAE04EC0-301F-11D3-BF4B-00C04F79EFBC}") = "12SwitchImpossibleRange", "12SwitchImpossibleRange\12SwitchImpossibleRange.csproj", "{0CC53D43-ADD1-45FC-BC12-940260DF2B17}"
EndProject
Project("{FAE04EC0-301F-11D3-BF4B-00C04F79EFBC}") = "13Reiteration", "13Reiteration\13Reiteration.csproj", "{C56EC0B3-851C-434B-814F-68DA3E6FE048}"
EndProject
Project("{FAE04EC0-301F-11D3-BF4B-00C04F79EFBC}") = "14TableOfSquares", "14TableOfSquares\14TableOfSquares.csproj", "{DF70532E-E9BB-4A1E-B6EE-4CA268E49F5B}"
EndProject
Project("{FAE04EC0-301F-11D3-BF4B-00C04F79EFBC}") = "15TableOfSquaresStartEnd", "15TableOfSquaresStartEnd\15TableOfSquaresStartEnd.csproj", "{F8117E78-8AAE-419A-A7C8-4A5454B31F67}"
EndProject
Project("{FAE04EC0-301F-11D3-BF4B-00C04F79EFBC}") = "16ArithmeticAverage", "16ArithmeticAverage\16ArithmeticAverage.csproj", "{A0F77710-13F3-4CD5-ACE8-8E1F481525FD}"
EndProject
Project("{FAE04EC0-301F-11D3-BF4B-00C04F79EFBC}") = "17GreatestCommonDivisor", "17GreatestCommonDivisor\17GreatestCommonDivisor.csproj", "{9631CC4E-10BC-42D0-8F5C-18509F9FD95D}"
EndProject
Project("{FAE04EC0-301F-11D3-BF4B-00C04F79EFBC}") = "18GuessingGame", "18GuessingGame\18GuessingGame.csproj", "{B15C0A76-7792-4CB7-A319-AE1A5611065C}"
EndProject
Project("{FAE04EC0-301F-11D3-BF4B-00C04F79EFBC}") = "19Loops", "19Loops\19Loops.csproj", "{C3BDCC53-FD4F-43BB-98B3-F827B0EF1516}"
EndProject
Project("{FAE04EC0-301F-11D3-BF4B-00C04F79EFBC}") = "20LoopFor", "20LoopFor\20LoopFor.csproj", "{533B1F23-2188-4FB0-B6CE-059B5D3749C2}"
EndProject
Project("{FAE04EC0-301F-11D3-BF4B-00C04F79EFBC}") = "21ReiterationLoop", "21ReiterationLoop\21ReiterationLoop.csproj", "{09AB30FC-C157-45D5-8125-D99E0AA9B428}"
EndProject
Project("{FAE04EC0-301F-11D3-BF4B-00C04F79EFBC}") = "22TableOfSquaresLoop", "22TableOfSquaresLoop\22TableOfSquaresLoop.csproj", "{C32EB569-2595-43DD-9D25-80EFEF2A6374}"
EndProject
Project("{FAE04EC0-301F-11D3-BF4B-00C04F79EFBC}") = "23TableOfSquaresStartEndLoop", "23TableOfSquaresStartEndLoop\23TableOfSquaresStartEndLoop.csproj", "{6569FA11-73DC-46D1-8DB3-A6BB3F9B70F5}"
EndProject
Project("{FAE04EC0-301F-11D3-BF4B-00C04F79EFBC}") = "24ArithmeticAverageLoop", "24ArithmeticAverageLoop\24ArithmeticAverageLoop.csproj", "{524824AB-A614-4B24-BF71-2272F482E4F3}"
EndProject
Project("{FAE04EC0-301F-11D3-BF4B-00C04F79EFBC}") = "25GreatestCommonDivisorLoopFor", "25GreatestCommonDivisorLoopFor\25GreatestCommonDivisorLoopFor.csproj", "{140A37DD-126D-4302-A92F-77109DE4D032}"
EndProject
Project("{FAE04EC0-301F-11D3-BF4B-00C04F79EFBC}") = "26GuessingGameLoopFor", "26GuessingGameLoopFor\26GuessingGameLoopFor.csproj", "{A88416A0-38CA-49E9-83E2-FAA57E3011AD}"
EndProject
Project("{FAE04EC0-301F-11D3-BF4B-00C04F79EFBC}") = "27LoopWhile", "27LoopWhile\27LoopWhile.csproj", "{808DEEE8-0D4E-479F-B4C1-5CB705A134AE}"
EndProject
Project("{FAE04EC0-301F-11D3-BF4B-00C04F79EFBC}") = "28ReiterationWhile", "28ReiterationWhile\28ReiterationWhile.csproj", "{A4AF12EC-ECE4-435D-A17B-38521EA3CDEA}"
EndProject
Project("{FAE04EC0-301F-11D3-BF4B-00C04F79EFBC}") = "29TableOfSquaresWhile", "29TableOfSquaresWhile\29TableOfSquaresWhile.csproj", "{B482A02A-AE1B-4547-8EB6-CC1255E3C4DE}"
EndProject
Project("{FAE04EC0-301F-11D3-BF4B-00C04F79EFBC}") = "30TableOfSquaresStartEndWhile", "30TableOfSquaresStartEndWhile\30TableOfSquaresStartEndWhile.csproj", "{2D2FE142-6A20-4F0A-B7BA-6D39E77343CA}"
EndProject
Project("{FAE04EC0-301F-11D3-BF4B-00C04F79EFBC}") = "31ArithmeticAverageWhile", "31ArithmeticAverageWhile\31ArithmeticAverageWhile.csproj", "{19497ACA-F3D3-4C81-889F-24D15CF751CC}"
EndProject
Project("{FAE04EC0-301F-11D3-BF4B-00C04F79EFBC}") = "32GreatestCommonDivisorWhile", "32GreatestCommonDivisorWhile\32GreatestCommonDivisorWhile.csproj", "{0F83FE77-0B0F-4748-AD45-B90B9998A6E6}"
EndProject
Project("{FAE04EC0-301F-11D3-BF4B-00C04F79EFBC}") = "33GuessingGameWhile", "33GuessingGameWhile\33GuessingGameWhile.csproj", "{FF1831E9-4376-4706-9392-FD181461207F}"
EndProject
Project("{FAE04EC0-301F-11D3-BF4B-00C04F79EFBC}") = "34LoopDoWhile", "34LoopDoWhile\34LoopDoWhile.csproj", "{9A2510E9-2739-462D-A95C-D9456CA4CAFD}"
EndProject
Project("{FAE04EC0-301F-11D3-BF4B-00C04F79EFBC}") = "35ReiterationDoWhile", "35ReiterationDoWhile\35ReiterationDoWhile.csproj", "{F558D416-1D89-40DB-A27B-DDB2A7240C6C}"
EndProject
Project("{FAE04EC0-301F-11D3-BF4B-00C04F79EFBC}") = "36TableOfSquaresDoWhile", "36TableOfSquaresDoWhile\36TableOfSquaresDoWhile.csproj", "{0169FC2C-8B29-40EB-ADDD-EB7FEDB715E3}"
EndProject
Project("{FAE04EC0-301F-11D3-BF4B-00C04F79EFBC}") = "37TableOfSquaresStartEndDoWhile", "37TableOfSquaresStartEndDoWhile\37TableOfSquaresStartEndDoWhile.csproj", "{120D8777-EBE1-4908-A97E-4F7F8DFF6483}"
EndProject
Project("{FAE04EC0-301F-11D3-BF4B-00C04F79EFBC}") = "38ArithmeticAverageDoWhile", "38ArithmeticAverageDoWhile\38ArithmeticAverageDoWhile.csproj", "{6AAB2583-B992-40AE-9371-ADEA4487CCB2}"
EndProject
Project("{FAE04EC0-301F-11D3-BF4B-00C04F79EFBC}") = "39GreatestCommonDivisorDoWhile", "39GreatestCommonDivisorDoWhile\39GreatestCommonDivisorDoWhile.csproj", "{B127CE2C-776F-4E87-A163-34BFE79BAC26}"
EndProject
Project("{FAE04EC0-301F-11D3-BF4B-00C04F79EFBC}") = "40GuessingGameDoWhile", "40GuessingGameDoWhile\40GuessingGameDoWhile.csproj", "{EF0E1C44-7D81-4535-97B1-66DABD782F4A}"
EndProject
Project("{FAE04EC0-301F-11D3-BF4B-00C04F79EFBC}") = "41EvenOddNumb", "41EvenOddNumb\41EvenOddNumb.csproj", "{B094DA2D-0BFA-4479-9FB5-986649BF9A39}"
EndProject
Global
	GlobalSection(SolutionConfigurationPlatforms) = preSolution
		Debug|Any CPU = Debug|Any CPU
		Release|Any CPU = Release|Any CPU
	EndGlobalSection
	GlobalSection(ProjectConfigurationPlatforms) = postSolution
		{F106BC10-E198-4537-8E6D-65B1D2067A84}.Debug|Any CPU.ActiveCfg = Debug|Any CPU
		{F106BC10-E198-4537-8E6D-65B1D2067A84}.Debug|Any CPU.Build.0 = Debug|Any CPU
		{F106BC10-E198-4537-8E6D-65B1D2067A84}.Release|Any CPU.ActiveCfg = Release|Any CPU
		{F106BC10-E198-4537-8E6D-65B1D2067A84}.Release|Any CPU.Build.0 = Release|Any CPU
		{9C972E7D-C6E8-4330-BD02-ACF9D7BA3177}.Debug|Any CPU.ActiveCfg = Debug|Any CPU
		{9C972E7D-C6E8-4330-BD02-ACF9D7BA3177}.Debug|Any CPU.Build.0 = Debug|Any CPU
		{9C972E7D-C6E8-4330-BD02-ACF9D7BA3177}.Release|Any CPU.ActiveCfg = Release|Any CPU
		{9C972E7D-C6E8-4330-BD02-ACF9D7BA3177}.Release|Any CPU.Build.0 = Release|Any CPU
		{8AAF7F54-3A84-4885-970F-13D4851E9192}.Debug|Any CPU.ActiveCfg = Debug|Any CPU
		{8AAF7F54-3A84-4885-970F-13D4851E9192}.Debug|Any CPU.Build.0 = Debug|Any CPU
		{8AAF7F54-3A84-4885-970F-13D4851E9192}.Release|Any CPU.ActiveCfg = Release|Any CPU
		{8AAF7F54-3A84-4885-970F-13D4851E9192}.Release|Any CPU.Build.0 = Release|Any CPU
		{7FC91351-34B1-4523-94A9-A150CD3923FD}.Debug|Any CPU.ActiveCfg = Debug|Any CPU
		{7FC91351-34B1-4523-94A9-A150CD3923FD}.Debug|Any CPU.Build.0 = Debug|Any CPU
		{7FC91351-34B1-4523-94A9-A150CD3923FD}.Release|Any CPU.ActiveCfg = Release|Any CPU
		{7FC91351-34B1-4523-94A9-A150CD3923FD}.Release|Any CPU.Build.0 = Release|Any CPU
		{C2BF9F71-FD25-4725-8E5F-BD8AA403C0C8}.Debug|Any CPU.ActiveCfg = Debug|Any CPU
		{C2BF9F71-FD25-4725-8E5F-BD8AA403C0C8}.Debug|Any CPU.Build.0 = Debug|Any CPU
		{C2BF9F71-FD25-4725-8E5F-BD8AA403C0C8}.Release|Any CPU.ActiveCfg = Release|Any CPU
		{C2BF9F71-FD25-4725-8E5F-BD8AA403C0C8}.Release|Any CPU.Build.0 = Release|Any CPU
		{8436DB91-92C1-4DED-881F-E26A92D7A36D}.Debug|Any CPU.ActiveCfg = Debug|Any CPU
		{8436DB91-92C1-4DED-881F-E26A92D7A36D}.Debug|Any CPU.Build.0 = Debug|Any CPU
		{8436DB91-92C1-4DED-881F-E26A92D7A36D}.Release|Any CPU.ActiveCfg = Release|Any CPU
		{8436DB91-92C1-4DED-881F-E26A92D7A36D}.Release|Any CPU.Build.0 = Release|Any CPU
		{C0D86380-271E-460A-84CB-9AC337BA8155}.Debug|Any CPU.ActiveCfg = Debug|Any CPU
		{C0D86380-271E-460A-84CB-9AC337BA8155}.Debug|Any CPU.Build.0 = Debug|Any CPU
		{C0D86380-271E-460A-84CB-9AC337BA8155}.Release|Any CPU.ActiveCfg = Release|Any CPU
		{C0D86380-271E-460A-84CB-9AC337BA8155}.Release|Any CPU.Build.0 = Release|Any CPU
		{DA545199-C60C-414D-AB52-FE580C88FD4F}.Debug|Any CPU.ActiveCfg = Debug|Any CPU
		{DA545199-C60C-414D-AB52-FE580C88FD4F}.Debug|Any CPU.Build.0 = Debug|Any CPU
		{DA545199-C60C-414D-AB52-FE580C88FD4F}.Release|Any CPU.ActiveCfg = Release|Any CPU
		{DA545199-C60C-414D-AB52-FE580C88FD4F}.Release|Any CPU.Build.0 = Release|Any CPU
		{01A75813-D4B0-4355-BE2C-33E18E386BDD}.Debug|Any CPU.ActiveCfg = Debug|Any CPU
		{01A75813-D4B0-4355-BE2C-33E18E386BDD}.Debug|Any CPU.Build.0 = Debug|Any CPU
		{01A75813-D4B0-4355-BE2C-33E18E386BDD}.Release|Any CPU.ActiveCfg = Release|Any CPU
		{01A75813-D4B0-4355-BE2C-33E18E386BDD}.Release|Any CPU.Build.0 = Release|Any CPU
		{ABEAEFD0-E6B5-44EA-A838-1B9BD5EC978F}.Debug|Any CPU.ActiveCfg = Debug|Any CPU
		{ABEAEFD0-E6B5-44EA-A838-1B9BD5EC978F}.Debug|Any CPU.Build.0 = Debug|Any CPU
		{ABEAEFD0-E6B5-44EA-A838-1B9BD5EC978F}.Release|Any CPU.ActiveCfg = Release|Any CPU
		{ABEAEFD0-E6B5-44EA-A838-1B9BD5EC978F}.Release|Any CPU.Build.0 = Release|Any CPU
		{E7362639-3B52-4334-873A-5F600697B562}.Debug|Any CPU.ActiveCfg = Debug|Any CPU
		{E7362639-3B52-4334-873A-5F600697B562}.Debug|Any CPU.Build.0 = Debug|Any CPU
		{E7362639-3B52-4334-873A-5F600697B562}.Release|Any CPU.ActiveCfg = Release|Any CPU
		{E7362639-3B52-4334-873A-5F600697B562}.Release|Any CPU.Build.0 = Release|Any CPU
		{40A26874-0162-4D38-B2D4-822F8C22E779}.Debug|Any CPU.ActiveCfg = Debug|Any CPU
		{40A26874-0162-4D38-B2D4-822F8C22E779}.Debug|Any CPU.Build.0 = Debug|Any CPU
		{40A26874-0162-4D38-B2D4-822F8C22E779}.Release|Any CPU.ActiveCfg = Release|Any CPU
		{40A26874-0162-4D38-B2D4-822F8C22E779}.Release|Any CPU.Build.0 = Release|Any CPU
		{6ACF633D-36FE-4FDA-9DCA-9927CEE625C3}.Debug|Any CPU.ActiveCfg = Debug|Any CPU
		{6ACF633D-36FE-4FDA-9DCA-9927CEE625C3}.Debug|Any CPU.Build.0 = Debug|Any CPU
		{6ACF633D-36FE-4FDA-9DCA-9927CEE625C3}.Release|Any CPU.ActiveCfg = Release|Any CPU
		{6ACF633D-36FE-4FDA-9DCA-9927CEE625C3}.Release|Any CPU.Build.0 = Release|Any CPU
		{0CC53D43-ADD1-45FC-BC12-940260DF2B17}.Debug|Any CPU.ActiveCfg = Debug|Any CPU
		{0CC53D43-ADD1-45FC-BC12-940260DF2B17}.Debug|Any CPU.Build.0 = Debug|Any CPU
		{0CC53D43-ADD1-45FC-BC12-940260DF2B17}.Release|Any CPU.ActiveCfg = Release|Any CPU
		{0CC53D43-ADD1-45FC-BC12-940260DF2B17}.Release|Any CPU.Build.0 = Release|Any CPU
		{C56EC0B3-851C-434B-814F-68DA3E6FE048}.Debug|Any CPU.ActiveCfg = Debug|Any CPU
		{C56EC0B3-851C-434B-814F-68DA3E6FE048}.Debug|Any CPU.Build.0 = Debug|Any CPU
		{C56EC0B3-851C-434B-814F-68DA3E6FE048}.Release|Any CPU.ActiveCfg = Release|Any CPU
		{C56EC0B3-851C-434B-814F-68DA3E6FE048}.Release|Any CPU.Build.0 = Release|Any CPU
		{DF70532E-E9BB-4A1E-B6EE-4CA268E49F5B}.Debug|Any CPU.ActiveCfg = Debug|Any CPU
		{DF70532E-E9BB-4A1E-B6EE-4CA268E49F5B}.Debug|Any CPU.Build.0 = Debug|Any CPU
		{DF70532E-E9BB-4A1E-B6EE-4CA268E49F5B}.Release|Any CPU.ActiveCfg = Release|Any CPU
		{DF70532E-E9BB-4A1E-B6EE-4CA268E49F5B}.Release|Any CPU.Build.0 = Release|Any CPU
		{F8117E78-8AAE-419A-A7C8-4A5454B31F67}.Debug|Any CPU.ActiveCfg = Debug|Any CPU
		{F8117E78-8AAE-419A-A7C8-4A5454B31F67}.Debug|Any CPU.Build.0 = Debug|Any CPU
		{F8117E78-8AAE-419A-A7C8-4A5454B31F67}.Release|Any CPU.ActiveCfg = Release|Any CPU
		{F8117E78-8AAE-419A-A7C8-4A5454B31F67}.Release|Any CPU.Build.0 = Release|Any CPU
		{A0F77710-13F3-4CD5-ACE8-8E1F481525FD}.Debug|Any CPU.ActiveCfg = Debug|Any CPU
		{A0F77710-13F3-4CD5-ACE8-8E1F481525FD}.Debug|Any CPU.Build.0 = Debug|Any CPU
		{A0F77710-13F3-4CD5-ACE8-8E1F481525FD}.Release|Any CPU.ActiveCfg = Release|Any CPU
		{A0F77710-13F3-4CD5-ACE8-8E1F481525FD}.Release|Any CPU.Build.0 = Release|Any CPU
		{9631CC4E-10BC-42D0-8F5C-18509F9FD95D}.Debug|Any CPU.ActiveCfg = Debug|Any CPU
		{9631CC4E-10BC-42D0-8F5C-18509F9FD95D}.Debug|Any CPU.Build.0 = Debug|Any CPU
		{9631CC4E-10BC-42D0-8F5C-18509F9FD95D}.Release|Any CPU.ActiveCfg = Release|Any CPU
		{9631CC4E-10BC-42D0-8F5C-18509F9FD95D}.Release|Any CPU.Build.0 = Release|Any CPU
		{B15C0A76-7792-4CB7-A319-AE1A5611065C}.Debug|Any CPU.ActiveCfg = Debug|Any CPU
		{B15C0A76-7792-4CB7-A319-AE1A5611065C}.Debug|Any CPU.Build.0 = Debug|Any CPU
		{B15C0A76-7792-4CB7-A319-AE1A5611065C}.Release|Any CPU.ActiveCfg = Release|Any CPU
		{B15C0A76-7792-4CB7-A319-AE1A5611065C}.Release|Any CPU.Build.0 = Release|Any CPU
		{C3BDCC53-FD4F-43BB-98B3-F827B0EF1516}.Debug|Any CPU.ActiveCfg = Debug|Any CPU
		{C3BDCC53-FD4F-43BB-98B3-F827B0EF1516}.Debug|Any CPU.Build.0 = Debug|Any CPU
		{C3BDCC53-FD4F-43BB-98B3-F827B0EF1516}.Release|Any CPU.ActiveCfg = Release|Any CPU
		{C3BDCC53-FD4F-43BB-98B3-F827B0EF1516}.Release|Any CPU.Build.0 = Release|Any CPU
		{533B1F23-2188-4FB0-B6CE-059B5D3749C2}.Debug|Any CPU.ActiveCfg = Debug|Any CPU
		{533B1F23-2188-4FB0-B6CE-059B5D3749C2}.Debug|Any CPU.Build.0 = Debug|Any CPU
		{533B1F23-2188-4FB0-B6CE-059B5D3749C2}.Release|Any CPU.ActiveCfg = Release|Any CPU
		{533B1F23-2188-4FB0-B6CE-059B5D3749C2}.Release|Any CPU.Build.0 = Release|Any CPU
		{09AB30FC-C157-45D5-8125-D99E0AA9B428}.Debug|Any CPU.ActiveCfg = Debug|Any CPU
		{09AB30FC-C157-45D5-8125-D99E0AA9B428}.Debug|Any CPU.Build.0 = Debug|Any CPU
		{09AB30FC-C157-45D5-8125-D99E0AA9B428}.Release|Any CPU.ActiveCfg = Release|Any CPU
		{09AB30FC-C157-45D5-8125-D99E0AA9B428}.Release|Any CPU.Build.0 = Release|Any CPU
		{C32EB569-2595-43DD-9D25-80EFEF2A6374}.Debug|Any CPU.ActiveCfg = Debug|Any CPU
		{C32EB569-2595-43DD-9D25-80EFEF2A6374}.Debug|Any CPU.Build.0 = Debug|Any CPU
		{C32EB569-2595-43DD-9D25-80EFEF2A6374}.Release|Any CPU.ActiveCfg = Release|Any CPU
		{C32EB569-2595-43DD-9D25-80EFEF2A6374}.Release|Any CPU.Build.0 = Release|Any CPU
		{6569FA11-73DC-46D1-8DB3-A6BB3F9B70F5}.Debug|Any CPU.ActiveCfg = Debug|Any CPU
		{6569FA11-73DC-46D1-8DB3-A6BB3F9B70F5}.Debug|Any CPU.Build.0 = Debug|Any CPU
		{6569FA11-73DC-46D1-8DB3-A6BB3F9B70F5}.Release|Any CPU.ActiveCfg = Release|Any CPU
		{6569FA11-73DC-46D1-8DB3-A6BB3F9B70F5}.Release|Any CPU.Build.0 = Release|Any CPU
		{524824AB-A614-4B24-BF71-2272F482E4F3}.Debug|Any CPU.ActiveCfg = Debug|Any CPU
		{524824AB-A614-4B24-BF71-2272F482E4F3}.Debug|Any CPU.Build.0 = Debug|Any CPU
		{524824AB-A614-4B24-BF71-2272F482E4F3}.Release|Any CPU.ActiveCfg = Release|Any CPU
		{524824AB-A614-4B24-BF71-2272F482E4F3}.Release|Any CPU.Build.0 = Release|Any CPU
		{140A37DD-126D-4302-A92F-77109DE4D032}.Debug|Any CPU.ActiveCfg = Debug|Any CPU
		{140A37DD-126D-4302-A92F-77109DE4D032}.Debug|Any CPU.Build.0 = Debug|Any CPU
		{140A37DD-126D-4302-A92F-77109DE4D032}.Release|Any CPU.ActiveCfg = Release|Any CPU
		{140A37DD-126D-4302-A92F-77109DE4D032}.Release|Any CPU.Build.0 = Release|Any CPU
		{A88416A0-38CA-49E9-83E2-FAA57E3011AD}.Debug|Any CPU.ActiveCfg = Debug|Any CPU
		{A88416A0-38CA-49E9-83E2-FAA57E3011AD}.Debug|Any CPU.Build.0 = Debug|Any CPU
		{A88416A0-38CA-49E9-83E2-FAA57E3011AD}.Release|Any CPU.ActiveCfg = Release|Any CPU
		{A88416A0-38CA-49E9-83E2-FAA57E3011AD}.Release|Any CPU.Build.0 = Release|Any CPU
		{808DEEE8-0D4E-479F-B4C1-5CB705A134AE}.Debug|Any CPU.ActiveCfg = Debug|Any CPU
		{808DEEE8-0D4E-479F-B4C1-5CB705A134AE}.Debug|Any CPU.Build.0 = Debug|Any CPU
		{808DEEE8-0D4E-479F-B4C1-5CB705A134AE}.Release|Any CPU.ActiveCfg = Release|Any CPU
		{808DEEE8-0D4E-479F-B4C1-5CB705A134AE}.Release|Any CPU.Build.0 = Release|Any CPU
		{A4AF12EC-ECE4-435D-A17B-38521EA3CDEA}.Debug|Any CPU.ActiveCfg = Debug|Any CPU
		{A4AF12EC-ECE4-435D-A17B-38521EA3CDEA}.Debug|Any CPU.Build.0 = Debug|Any CPU
		{A4AF12EC-ECE4-435D-A17B-38521EA3CDEA}.Release|Any CPU.ActiveCfg = Release|Any CPU
		{A4AF12EC-ECE4-435D-A17B-38521EA3CDEA}.Release|Any CPU.Build.0 = Release|Any CPU
		{B482A02A-AE1B-4547-8EB6-CC1255E3C4DE}.Debug|Any CPU.ActiveCfg = Debug|Any CPU
		{B482A02A-AE1B-4547-8EB6-CC1255E3C4DE}.Debug|Any CPU.Build.0 = Debug|Any CPU
		{B482A02A-AE1B-4547-8EB6-CC1255E3C4DE}.Release|Any CPU.ActiveCfg = Release|Any CPU
		{B482A02A-AE1B-4547-8EB6-CC1255E3C4DE}.Release|Any CPU.Build.0 = Release|Any CPU
		{2D2FE142-6A20-4F0A-B7BA-6D39E77343CA}.Debug|Any CPU.ActiveCfg = Debug|Any CPU
		{2D2FE142-6A20-4F0A-B7BA-6D39E77343CA}.Debug|Any CPU.Build.0 = Debug|Any CPU
		{2D2FE142-6A20-4F0A-B7BA-6D39E77343CA}.Release|Any CPU.ActiveCfg = Release|Any CPU
		{2D2FE142-6A20-4F0A-B7BA-6D39E77343CA}.Release|Any CPU.Build.0 = Release|Any CPU
		{19497ACA-F3D3-4C81-889F-24D15CF751CC}.Debug|Any CPU.ActiveCfg = Debug|Any CPU
		{19497ACA-F3D3-4C81-889F-24D15CF751CC}.Debug|Any CPU.Build.0 = Debug|Any CPU
		{19497ACA-F3D3-4C81-889F-24D15CF751CC}.Release|Any CPU.ActiveCfg = Release|Any CPU
		{19497ACA-F3D3-4C81-889F-24D15CF751CC}.Release|Any CPU.Build.0 = Release|Any CPU
		{0F83FE77-0B0F-4748-AD45-B90B9998A6E6}.Debug|Any CPU.ActiveCfg = Debug|Any CPU
		{0F83FE77-0B0F-4748-AD45-B90B9998A6E6}.Debug|Any CPU.Build.0 = Debug|Any CPU
		{0F83FE77-0B0F-4748-AD45-B90B9998A6E6}.Release|Any CPU.ActiveCfg = Release|Any CPU
		{0F83FE77-0B0F-4748-AD45-B90B9998A6E6}.Release|Any CPU.Build.0 = Release|Any CPU
		{FF1831E9-4376-4706-9392-FD181461207F}.Debug|Any CPU.ActiveCfg = Debug|Any CPU
		{FF1831E9-4376-4706-9392-FD181461207F}.Debug|Any CPU.Build.0 = Debug|Any CPU
		{FF1831E9-4376-4706-9392-FD181461207F}.Release|Any CPU.ActiveCfg = Release|Any CPU
		{FF1831E9-4376-4706-9392-FD181461207F}.Release|Any CPU.Build.0 = Release|Any CPU
		{9A2510E9-2739-462D-A95C-D9456CA4CAFD}.Debug|Any CPU.ActiveCfg = Debug|Any CPU
		{9A2510E9-2739-462D-A95C-D9456CA4CAFD}.Debug|Any CPU.Build.0 = Debug|Any CPU
		{9A2510E9-2739-462D-A95C-D9456CA4CAFD}.Release|Any CPU.ActiveCfg = Release|Any CPU
		{9A2510E9-2739-462D-A95C-D9456CA4CAFD}.Release|Any CPU.Build.0 = Release|Any CPU
		{F558D416-1D89-40DB-A27B-DDB2A7240C6C}.Debug|Any CPU.ActiveCfg = Debug|Any CPU
		{F558D416-1D89-40DB-A27B-DDB2A7240C6C}.Debug|Any CPU.Build.0 = Debug|Any CPU
		{F558D416-1D89-40DB-A27B-DDB2A7240C6C}.Release|Any CPU.ActiveCfg = Release|Any CPU
		{F558D416-1D89-40DB-A27B-DDB2A7240C6C}.Release|Any CPU.Build.0 = Release|Any CPU
		{0169FC2C-8B29-40EB-ADDD-EB7FEDB715E3}.Debug|Any CPU.ActiveCfg = Debug|Any CPU
		{0169FC2C-8B29-40EB-ADDD-EB7FEDB715E3}.Debug|Any CPU.Build.0 = Debug|Any CPU
		{0169FC2C-8B29-40EB-ADDD-EB7FEDB715E3}.Release|Any CPU.ActiveCfg = Release|Any CPU
		{0169FC2C-8B29-40EB-ADDD-EB7FEDB715E3}.Release|Any CPU.Build.0 = Release|Any CPU
		{120D8777-EBE1-4908-A97E-4F7F8DFF6483}.Debug|Any CPU.ActiveCfg = Debug|Any CPU
		{120D8777-EBE1-4908-A97E-4F7F8DFF6483}.Debug|Any CPU.Build.0 = Debug|Any CPU
		{120D8777-EBE1-4908-A97E-4F7F8DFF6483}.Release|Any CPU.ActiveCfg = Release|Any CPU
		{120D8777-EBE1-4908-A97E-4F7F8DFF6483}.Release|Any CPU.Build.0 = Release|Any CPU
		{6AAB2583-B992-40AE-9371-ADEA4487CCB2}.Debug|Any CPU.ActiveCfg = Debug|Any CPU
		{6AAB2583-B992-40AE-9371-ADEA4487CCB2}.Debug|Any CPU.Build.0 = Debug|Any CPU
		{6AAB2583-B992-40AE-9371-ADEA4487CCB2}.Release|Any CPU.ActiveCfg = Release|Any CPU
		{6AAB2583-B992-40AE-9371-ADEA4487CCB2}.Release|Any CPU.Build.0 = Release|Any CPU
		{B127CE2C-776F-4E87-A163-34BFE79BAC26}.Debug|Any CPU.ActiveCfg = Debug|Any CPU
		{B127CE2C-776F-4E87-A163-34BFE79BAC26}.Debug|Any CPU.Build.0 = Debug|Any CPU
		{B127CE2C-776F-4E87-A163-34BFE79BAC26}.Release|Any CPU.ActiveCfg = Release|Any CPU
		{B127CE2C-776F-4E87-A163-34BFE79BAC26}.Release|Any CPU.Build.0 = Release|Any CPU
		{EF0E1C44-7D81-4535-97B1-66DABD782F4A}.Debug|Any CPU.ActiveCfg = Debug|Any CPU
		{EF0E1C44-7D81-4535-97B1-66DABD782F4A}.Debug|Any CPU.Build.0 = Debug|Any CPU
		{EF0E1C44-7D81-4535-97B1-66DABD782F4A}.Release|Any CPU.ActiveCfg = Release|Any CPU
		{EF0E1C44-7D81-4535-97B1-66DABD782F4A}.Release|Any CPU.Build.0 = Release|Any CPU
		{B094DA2D-0BFA-4479-9FB5-986649BF9A39}.Debug|Any CPU.ActiveCfg = Debug|Any CPU
		{B094DA2D-0BFA-4479-9FB5-986649BF9A39}.Debug|Any CPU.Build.0 = Debug|Any CPU
		{B094DA2D-0BFA-4479-9FB5-986649BF9A39}.Release|Any CPU.ActiveCfg = Release|Any CPU
		{B094DA2D-0BFA-4479-9FB5-986649BF9A39}.Release|Any CPU.Build.0 = Release|Any CPU
	EndGlobalSection
	GlobalSection(SolutionProperties) = preSolution
		HideSolutionNode = FALSE
	EndGlobalSection
	GlobalSection(ExtensibilityGlobals) = postSolution
		SolutionGuid = {FF391BE5-DE41-4629-80A2-FC4FD95DA8B2}
	EndGlobalSection
EndGlobal
