
Microsoft Visual Studio Solution File, Format Version 12.00
# Visual Studio Version 17
VisualStudioVersion = 17.5.33516.290
MinimumVisualStudioVersion = 10.0.40219.1
Project("{FAE04EC0-301F-11D3-BF4B-00C04F79EFBC}") = "MethodFindLongestWordInTheSentence", "MethodFindLongestWordInTheSentence\MethodFindLongestWordInTheSentence.csproj", "{33E39313-A810-4A7C-A86E-03F42AC43DDE}"
EndProject
Global
	GlobalSection(SolutionConfigurationPlatforms) = preSolution
		Debug|Any CPU = Debug|Any CPU
		Release|Any CPU = Release|Any CPU
	EndGlobalSection
	GlobalSection(ProjectConfigurationPlatforms) = postSolution
		{33E39313-A810-4A7C-A86E-03F42AC43DDE}.Debug|Any CPU.ActiveCfg = Debug|Any CPU
		{33E39313-A810-4A7C-A86E-03F42AC43DDE}.Debug|Any CPU.Build.0 = Debug|Any CPU
		{33E39313-A810-4A7C-A86E-03F42AC43DDE}.Release|Any CPU.ActiveCfg = Release|Any CPU
		{33E39313-A810-4A7C-A86E-03F42AC43DDE}.Release|Any CPU.Build.0 = Release|Any CPU
	EndGlobalSection
	GlobalSection(SolutionProperties) = preSolution
		HideSolutionNode = FALSE
	EndGlobalSection
	GlobalSection(ExtensibilityGlobals) = postSolution
		SolutionGuid = {E88D9558-D4E0-48F0-A2DE-15A5CD543872}
	EndGlobalSection
EndGlobal
