
Microsoft Visual Studio Solution File, Format Version 12.00
# Visual Studio Version 17
VisualStudioVersion = 17.7.34031.279
MinimumVisualStudioVersion = 10.0.40219.1
Project("{FAE04EC0-301F-11D3-BF4B-00C04F79EFBC}") = "NetworkOperations", "NetworkOperations\NetworkOperations.csproj", "{3EEA22CC-B01D-4926-83F3-E4D684D2059D}"
EndProject
Project("{FAE04EC0-301F-11D3-BF4B-00C04F79EFBC}") = "Less00IntroductionToNetworkDownload", "Less00IntroductionToNetworkDownload\Less00IntroductionToNetworkDownload.csproj", "{4A55EFE7-B18C-4F1E-B8B9-C52CD757EAA4}"
EndProject
Global
	GlobalSection(SolutionConfigurationPlatforms) = preSolution
		Debug|Any CPU = Debug|Any CPU
		Release|Any CPU = Release|Any CPU
	EndGlobalSection
	GlobalSection(ProjectConfigurationPlatforms) = postSolution
		{3EEA22CC-B01D-4926-83F3-E4D684D2059D}.Debug|Any CPU.ActiveCfg = Debug|Any CPU
		{3EEA22CC-B01D-4926-83F3-E4D684D2059D}.Debug|Any CPU.Build.0 = Debug|Any CPU
		{3EEA22CC-B01D-4926-83F3-E4D684D2059D}.Release|Any CPU.ActiveCfg = Release|Any CPU
		{3EEA22CC-B01D-4926-83F3-E4D684D2059D}.Release|Any CPU.Build.0 = Release|Any CPU
		{4A55EFE7-B18C-4F1E-B8B9-C52CD757EAA4}.Debug|Any CPU.ActiveCfg = Debug|Any CPU
		{4A55EFE7-B18C-4F1E-B8B9-C52CD757EAA4}.Debug|Any CPU.Build.0 = Debug|Any CPU
		{4A55EFE7-B18C-4F1E-B8B9-C52CD757EAA4}.Release|Any CPU.ActiveCfg = Release|Any CPU
		{4A55EFE7-B18C-4F1E-B8B9-C52CD757EAA4}.Release|Any CPU.Build.0 = Release|Any CPU
	EndGlobalSection
	GlobalSection(SolutionProperties) = preSolution
		HideSolutionNode = FALSE
	EndGlobalSection
	GlobalSection(ExtensibilityGlobals) = postSolution
		SolutionGuid = {6A747E74-682E-4662-84B5-2AD5B9002C5F}
	EndGlobalSection
EndGlobal
