
Microsoft Visual Studio Solution File, Format Version 12.00
# Visual Studio Version 17
VisualStudioVersion = 17.5.33516.290
MinimumVisualStudioVersion = 10.0.40219.1
Project("{9A19103F-16F7-4668-BE54-9A1E7A4F7556}") = "ArraysProjects", "ArraysProjects\ArraysProjects.csproj", "{93EC31F9-A753-4904-B9CA-BDAF7CC57520}"
EndProject
Project("{9A19103F-16F7-4668-BE54-9A1E7A4F7556}") = "FinancialReportCalculator", "FinancialReportCalculator\FinancialReportCalculator.csproj", "{55B97384-D210-4559-868E-2CAA4249F122}"
EndProject
Project("{9A19103F-16F7-4668-BE54-9A1E7A4F7556}") = "PascalTriangleEasyMode", "PascalTriangleEasyMode\PascalTriangleEasyMode.csproj", "{8A18E9EA-A9BA-472A-8B8A-DFFE26D07C13}"
EndProject
Project("{9A19103F-16F7-4668-BE54-9A1E7A4F7556}") = "PascalTriangleDifficultMode", "PascalTriangleDifficultMode\PascalTriangleDifficultMode.csproj", "{51494558-8FAE-4C19-A117-88B9DE7E81D9}"
EndProject
Project("{9A19103F-16F7-4668-BE54-9A1E7A4F7556}") = "MatrixMultiplierNumber", "MatrixMultiplierNumber\MatrixMultiplierNumber.csproj", "{2EF75876-C65D-42F4-8F68-6BE1CE5ED566}"
EndProject
Project("{9A19103F-16F7-4668-BE54-9A1E7A4F7556}") = "MatrixOperationsAddSub", "MatrixOperationsAddSub\MatrixOperationsAddSub.csproj", "{B93F52B5-A21F-4459-9916-85BFB1E36D35}"
EndProject
Project("{9A19103F-16F7-4668-BE54-9A1E7A4F7556}") = "MatrixMultiplication", "MatrixMultiplication\MatrixMultiplication.csproj", "{7E049AAD-BC05-4D55-B8B5-FE2108F1E04D}"
EndProject
Project("{9A19103F-16F7-4668-BE54-9A1E7A4F7556}") = "RandomMatrixSum", "RandomMatrixSum\RandomMatrixSum.csproj", "{63ECC2DA-FCF3-46C5-94F7-EEA36D4400D9}"
EndProject
Project("{FAE04EC0-301F-11D3-BF4B-00C04F79EFBC}") = "SmallestElementFinder", "SmallestElementFinder\SmallestElementFinder.csproj", "{845F9FA5-579A-4943-AFDE-2BCD24A76AB7}"
EndProject
Project("{FAE04EC0-301F-11D3-BF4B-00C04F79EFBC}") = "GuessNumberGame", "GuessNumberGame\GuessNumberGame.csproj", "{2C54188E-A59B-42AD-8172-4A3D571DB823}"
EndProject
Project("{FAE04EC0-301F-11D3-BF4B-00C04F79EFBC}") = "GameOfLife", "GameOfLife\GameOfLife.csproj", "{582017BA-7968-4DF4-ABD0-284BD3073CEA}"
EndProject
Project("{FAE04EC0-301F-11D3-BF4B-00C04F79EFBC}") = "GameOfLifeBacteria", "GameOfLifeBacteria\GameOfLifeBacteria.csproj", "{348C7A06-474D-47F5-ABF3-7EEEB7AA305F}"
EndProject
Global
	GlobalSection(SolutionConfigurationPlatforms) = preSolution
		Debug|Any CPU = Debug|Any CPU
		Release|Any CPU = Release|Any CPU
	EndGlobalSection
	GlobalSection(ProjectConfigurationPlatforms) = postSolution
		{93EC31F9-A753-4904-B9CA-BDAF7CC57520}.Debug|Any CPU.ActiveCfg = Debug|Any CPU
		{93EC31F9-A753-4904-B9CA-BDAF7CC57520}.Debug|Any CPU.Build.0 = Debug|Any CPU
		{93EC31F9-A753-4904-B9CA-BDAF7CC57520}.Release|Any CPU.ActiveCfg = Release|Any CPU
		{93EC31F9-A753-4904-B9CA-BDAF7CC57520}.Release|Any CPU.Build.0 = Release|Any CPU
		{55B97384-D210-4559-868E-2CAA4249F122}.Debug|Any CPU.ActiveCfg = Debug|Any CPU
		{55B97384-D210-4559-868E-2CAA4249F122}.Debug|Any CPU.Build.0 = Debug|Any CPU
		{55B97384-D210-4559-868E-2CAA4249F122}.Release|Any CPU.ActiveCfg = Release|Any CPU
		{55B97384-D210-4559-868E-2CAA4249F122}.Release|Any CPU.Build.0 = Release|Any CPU
		{8A18E9EA-A9BA-472A-8B8A-DFFE26D07C13}.Debug|Any CPU.ActiveCfg = Debug|Any CPU
		{8A18E9EA-A9BA-472A-8B8A-DFFE26D07C13}.Debug|Any CPU.Build.0 = Debug|Any CPU
		{8A18E9EA-A9BA-472A-8B8A-DFFE26D07C13}.Release|Any CPU.ActiveCfg = Release|Any CPU
		{8A18E9EA-A9BA-472A-8B8A-DFFE26D07C13}.Release|Any CPU.Build.0 = Release|Any CPU
		{51494558-8FAE-4C19-A117-88B9DE7E81D9}.Debug|Any CPU.ActiveCfg = Debug|Any CPU
		{51494558-8FAE-4C19-A117-88B9DE7E81D9}.Debug|Any CPU.Build.0 = Debug|Any CPU
		{51494558-8FAE-4C19-A117-88B9DE7E81D9}.Release|Any CPU.ActiveCfg = Release|Any CPU
		{51494558-8FAE-4C19-A117-88B9DE7E81D9}.Release|Any CPU.Build.0 = Release|Any CPU
		{2EF75876-C65D-42F4-8F68-6BE1CE5ED566}.Debug|Any CPU.ActiveCfg = Debug|Any CPU
		{2EF75876-C65D-42F4-8F68-6BE1CE5ED566}.Debug|Any CPU.Build.0 = Debug|Any CPU
		{2EF75876-C65D-42F4-8F68-6BE1CE5ED566}.Release|Any CPU.ActiveCfg = Release|Any CPU
		{2EF75876-C65D-42F4-8F68-6BE1CE5ED566}.Release|Any CPU.Build.0 = Release|Any CPU
		{B93F52B5-A21F-4459-9916-85BFB1E36D35}.Debug|Any CPU.ActiveCfg = Debug|Any CPU
		{B93F52B5-A21F-4459-9916-85BFB1E36D35}.Debug|Any CPU.Build.0 = Debug|Any CPU
		{B93F52B5-A21F-4459-9916-85BFB1E36D35}.Release|Any CPU.ActiveCfg = Release|Any CPU
		{B93F52B5-A21F-4459-9916-85BFB1E36D35}.Release|Any CPU.Build.0 = Release|Any CPU
		{7E049AAD-BC05-4D55-B8B5-FE2108F1E04D}.Debug|Any CPU.ActiveCfg = Debug|Any CPU
		{7E049AAD-BC05-4D55-B8B5-FE2108F1E04D}.Debug|Any CPU.Build.0 = Debug|Any CPU
		{7E049AAD-BC05-4D55-B8B5-FE2108F1E04D}.Release|Any CPU.ActiveCfg = Release|Any CPU
		{7E049AAD-BC05-4D55-B8B5-FE2108F1E04D}.Release|Any CPU.Build.0 = Release|Any CPU
		{63ECC2DA-FCF3-46C5-94F7-EEA36D4400D9}.Debug|Any CPU.ActiveCfg = Debug|Any CPU
		{63ECC2DA-FCF3-46C5-94F7-EEA36D4400D9}.Debug|Any CPU.Build.0 = Debug|Any CPU
		{63ECC2DA-FCF3-46C5-94F7-EEA36D4400D9}.Release|Any CPU.ActiveCfg = Release|Any CPU
		{63ECC2DA-FCF3-46C5-94F7-EEA36D4400D9}.Release|Any CPU.Build.0 = Release|Any CPU
		{845F9FA5-579A-4943-AFDE-2BCD24A76AB7}.Debug|Any CPU.ActiveCfg = Debug|Any CPU
		{845F9FA5-579A-4943-AFDE-2BCD24A76AB7}.Debug|Any CPU.Build.0 = Debug|Any CPU
		{845F9FA5-579A-4943-AFDE-2BCD24A76AB7}.Release|Any CPU.ActiveCfg = Release|Any CPU
		{845F9FA5-579A-4943-AFDE-2BCD24A76AB7}.Release|Any CPU.Build.0 = Release|Any CPU
		{2C54188E-A59B-42AD-8172-4A3D571DB823}.Debug|Any CPU.ActiveCfg = Debug|Any CPU
		{2C54188E-A59B-42AD-8172-4A3D571DB823}.Debug|Any CPU.Build.0 = Debug|Any CPU
		{2C54188E-A59B-42AD-8172-4A3D571DB823}.Release|Any CPU.ActiveCfg = Release|Any CPU
		{2C54188E-A59B-42AD-8172-4A3D571DB823}.Release|Any CPU.Build.0 = Release|Any CPU
		{582017BA-7968-4DF4-ABD0-284BD3073CEA}.Debug|Any CPU.ActiveCfg = Debug|Any CPU
		{582017BA-7968-4DF4-ABD0-284BD3073CEA}.Debug|Any CPU.Build.0 = Debug|Any CPU
		{582017BA-7968-4DF4-ABD0-284BD3073CEA}.Release|Any CPU.ActiveCfg = Release|Any CPU
		{582017BA-7968-4DF4-ABD0-284BD3073CEA}.Release|Any CPU.Build.0 = Release|Any CPU
		{348C7A06-474D-47F5-ABF3-7EEEB7AA305F}.Debug|Any CPU.ActiveCfg = Debug|Any CPU
		{348C7A06-474D-47F5-ABF3-7EEEB7AA305F}.Debug|Any CPU.Build.0 = Debug|Any CPU
		{348C7A06-474D-47F5-ABF3-7EEEB7AA305F}.Release|Any CPU.ActiveCfg = Release|Any CPU
		{348C7A06-474D-47F5-ABF3-7EEEB7AA305F}.Release|Any CPU.Build.0 = Release|Any CPU
	EndGlobalSection
	GlobalSection(SolutionProperties) = preSolution
		HideSolutionNode = FALSE
	EndGlobalSection
	GlobalSection(ExtensibilityGlobals) = postSolution
		SolutionGuid = {F877A307-F566-400A-977B-F119A78DA33E}
	EndGlobalSection
EndGlobal
