
Microsoft Visual Studio Solution File, Format Version 12.00
# Visual Studio Version 17
VisualStudioVersion = 17.5.33502.453
MinimumVisualStudioVersion = 10.0.40219.1
Project("{FAE04EC0-301F-11D3-BF4B-00C04F79EFBC}") = "CSharpBasicFeaturesCourses", "CSharpBasicFeaturesCourses\CSharpBasicFeaturesCourses.csproj", "{43784BF7-EDF8-4E56-9B37-3078F366844A}"
EndProject
Project("{2150E333-8FDC-42A3-9474-1A3956D46DE8}") = "CSharpBasicFeaturesCourse", "CSharpBasicFeaturesCourse", "{65918A9E-34F9-49FB-9508-2CACABCDCFEB}"
EndProject
Project("{FAE04EC0-301F-11D3-BF4B-00C04F79EFBC}") = "01Variables", "01Variables\01Variables.csproj", "{BD963770-E9EF-4CD0-AE95-3DB2FCE13ED5}"
EndProject
Project("{FAE04EC0-301F-11D3-BF4B-00C04F79EFBC}") = "02DataTypes", "02DataTypes\02DataTypes.csproj", "{420CCEE1-182A-41C0-B3EF-6E3AB3990EB6}"
EndProject
Project("{FAE04EC0-301F-11D3-BF4B-00C04F79EFBC}") = "03IntegerTypes", "03IntegerTypes\03IntegerTypes.csproj", "{BD441018-EDA8-4002-ACA1-506657E3E3B3}"
EndProject
Project("{FAE04EC0-301F-11D3-BF4B-00C04F79EFBC}") = "04FloatPointTypes", "04FloatPointTypes\04FloatPointTypes.csproj", "{665AB68C-3056-497E-A4D7-09B4E8242BDE}"
EndProject
Project("{FAE04EC0-301F-11D3-BF4B-00C04F79EFBC}") = "05CharTypes", "05CharTypes\05CharTypes.csproj", "{B9058001-8052-400C-88B7-1918016AB202}"
EndProject
Project("{FAE04EC0-301F-11D3-BF4B-00C04F79EFBC}") = "06BoolTypes", "06BoolTypes\06BoolTypes.csproj", "{D4C9AFB6-4D4E-4759-9D02-57ABCD00817A}"
EndProject
Project("{FAE04EC0-301F-11D3-BF4B-00C04F79EFBC}") = "07StringTypes", "07StringTypes\07StringTypes.csproj", "{65AAE54D-FB61-45BB-857D-8B2352846AEB}"
EndProject
Project("{FAE04EC0-301F-11D3-BF4B-00C04F79EFBC}") = "08FormattedOutput", "08FormattedOutput\08FormattedOutput.csproj", "{10A9FEDD-72AE-4F4E-96F0-07D5760F4C9A}"
EndProject
Project("{FAE04EC0-301F-11D3-BF4B-00C04F79EFBC}") = "09EscapeSequences", "09EscapeSequences\09EscapeSequences.csproj", "{6A8D7E28-476A-4C53-8394-A3363BD1FCD5}"
EndProject
Project("{FAE04EC0-301F-11D3-BF4B-00C04F79EFBC}") = "10StringInterpolation", "10StringInterpolation\10StringInterpolation.csproj", "{C863BA1C-FEFC-4B8E-9D4F-2B3A5CE150CF}"
EndProject
Project("{FAE04EC0-301F-11D3-BF4B-00C04F79EFBC}") = "11NumbersAfterPoint", "11NumbersAfterPoint\11NumbersAfterPoint.csproj", "{E73DF497-4746-4DF1-BE5A-645856A71C00}"
EndProject
Project("{FAE04EC0-301F-11D3-BF4B-00C04F79EFBC}") = "12DataTypeConversion", "12DataTypeConversion\12DataTypeConversion.csproj", "{0B1C58C0-E429-47C9-8FBD-3E55A01DEDEB}"
EndProject
Project("{FAE04EC0-301F-11D3-BF4B-00C04F79EFBC}") = "13ImplicitTypeСonversion", "13ImplicitTypeСonversion\13ImplicitTypeСonversion.csproj", "{44286CAD-4A1A-4493-BA6F-FA21215F9E8F}"
EndProject
Project("{FAE04EC0-301F-11D3-BF4B-00C04F79EFBC}") = "14ExplicitTypeConversion", "14ExplicitTypeConversion\14ExplicitTypeConversion.csproj", "{31FB2829-EC0B-4A30-8BF3-D53E8ABF5E2B}"
EndProject
Project("{FAE04EC0-301F-11D3-BF4B-00C04F79EFBC}") = "15ParseConversion", "15ParseConversion\15ParseConversion.csproj", "{58E0687E-CB96-4023-90F2-86CC34039020}"
EndProject
Project("{FAE04EC0-301F-11D3-BF4B-00C04F79EFBC}") = "16ConvertToConversion", "16ConvertToConversion\16ConvertToConversion.csproj", "{3BAE4E08-400B-40FC-8C22-A034BD0AB076}"
EndProject
Project("{FAE04EC0-301F-11D3-BF4B-00C04F79EFBC}") = "17ArithmeticOperations", "17ArithmeticOperations\17ArithmeticOperations.csproj", "{2449BAC3-BDDD-4A25-9528-F1FDEA4B5680}"
EndProject
Project("{FAE04EC0-301F-11D3-BF4B-00C04F79EFBC}") = "18IncrementAndDecrement", "18IncrementAndDecrement\18IncrementAndDecrement.csproj", "{09EFD56F-793C-4394-B8D4-556C9F991903}"
EndProject
Project("{FAE04EC0-301F-11D3-BF4B-00C04F79EFBC}") = "19OperationsPriority", "19OperationsPriority\19OperationsPriority.csproj", "{C35D053D-CF5E-45A8-8D7E-FDEB145F0FFD}"
EndProject
Project("{FAE04EC0-301F-11D3-BF4B-00C04F79EFBC}") = "20LogicalOperations", "20LogicalOperations\20LogicalOperations.csproj", "{C9426BA9-420E-421B-878B-2A169227EEC5}"
EndProject
Project("{FAE04EC0-301F-11D3-BF4B-00C04F79EFBC}") = "21MathLogicalOperations", "21MathLogicalOperations\21MathLogicalOperations.csproj", "{2E5564DD-575B-436B-B118-585BB499691D}"
EndProject
Global
	GlobalSection(SolutionConfigurationPlatforms) = preSolution
		Debug|Any CPU = Debug|Any CPU
		Release|Any CPU = Release|Any CPU
	EndGlobalSection
	GlobalSection(ProjectConfigurationPlatforms) = postSolution
		{43784BF7-EDF8-4E56-9B37-3078F366844A}.Debug|Any CPU.ActiveCfg = Debug|Any CPU
		{43784BF7-EDF8-4E56-9B37-3078F366844A}.Debug|Any CPU.Build.0 = Debug|Any CPU
		{43784BF7-EDF8-4E56-9B37-3078F366844A}.Release|Any CPU.ActiveCfg = Release|Any CPU
		{43784BF7-EDF8-4E56-9B37-3078F366844A}.Release|Any CPU.Build.0 = Release|Any CPU
		{BD963770-E9EF-4CD0-AE95-3DB2FCE13ED5}.Debug|Any CPU.ActiveCfg = Debug|Any CPU
		{BD963770-E9EF-4CD0-AE95-3DB2FCE13ED5}.Debug|Any CPU.Build.0 = Debug|Any CPU
		{BD963770-E9EF-4CD0-AE95-3DB2FCE13ED5}.Release|Any CPU.ActiveCfg = Release|Any CPU
		{BD963770-E9EF-4CD0-AE95-3DB2FCE13ED5}.Release|Any CPU.Build.0 = Release|Any CPU
		{420CCEE1-182A-41C0-B3EF-6E3AB3990EB6}.Debug|Any CPU.ActiveCfg = Debug|Any CPU
		{420CCEE1-182A-41C0-B3EF-6E3AB3990EB6}.Debug|Any CPU.Build.0 = Debug|Any CPU
		{420CCEE1-182A-41C0-B3EF-6E3AB3990EB6}.Release|Any CPU.ActiveCfg = Release|Any CPU
		{420CCEE1-182A-41C0-B3EF-6E3AB3990EB6}.Release|Any CPU.Build.0 = Release|Any CPU
		{BD441018-EDA8-4002-ACA1-506657E3E3B3}.Debug|Any CPU.ActiveCfg = Debug|Any CPU
		{BD441018-EDA8-4002-ACA1-506657E3E3B3}.Debug|Any CPU.Build.0 = Debug|Any CPU
		{BD441018-EDA8-4002-ACA1-506657E3E3B3}.Release|Any CPU.ActiveCfg = Release|Any CPU
		{BD441018-EDA8-4002-ACA1-506657E3E3B3}.Release|Any CPU.Build.0 = Release|Any CPU
		{665AB68C-3056-497E-A4D7-09B4E8242BDE}.Debug|Any CPU.ActiveCfg = Debug|Any CPU
		{665AB68C-3056-497E-A4D7-09B4E8242BDE}.Debug|Any CPU.Build.0 = Debug|Any CPU
		{665AB68C-3056-497E-A4D7-09B4E8242BDE}.Release|Any CPU.ActiveCfg = Release|Any CPU
		{665AB68C-3056-497E-A4D7-09B4E8242BDE}.Release|Any CPU.Build.0 = Release|Any CPU
		{B9058001-8052-400C-88B7-1918016AB202}.Debug|Any CPU.ActiveCfg = Debug|Any CPU
		{B9058001-8052-400C-88B7-1918016AB202}.Debug|Any CPU.Build.0 = Debug|Any CPU
		{B9058001-8052-400C-88B7-1918016AB202}.Release|Any CPU.ActiveCfg = Release|Any CPU
		{B9058001-8052-400C-88B7-1918016AB202}.Release|Any CPU.Build.0 = Release|Any CPU
		{D4C9AFB6-4D4E-4759-9D02-57ABCD00817A}.Debug|Any CPU.ActiveCfg = Debug|Any CPU
		{D4C9AFB6-4D4E-4759-9D02-57ABCD00817A}.Debug|Any CPU.Build.0 = Debug|Any CPU
		{D4C9AFB6-4D4E-4759-9D02-57ABCD00817A}.Release|Any CPU.ActiveCfg = Release|Any CPU
		{D4C9AFB6-4D4E-4759-9D02-57ABCD00817A}.Release|Any CPU.Build.0 = Release|Any CPU
		{65AAE54D-FB61-45BB-857D-8B2352846AEB}.Debug|Any CPU.ActiveCfg = Debug|Any CPU
		{65AAE54D-FB61-45BB-857D-8B2352846AEB}.Debug|Any CPU.Build.0 = Debug|Any CPU
		{65AAE54D-FB61-45BB-857D-8B2352846AEB}.Release|Any CPU.ActiveCfg = Release|Any CPU
		{65AAE54D-FB61-45BB-857D-8B2352846AEB}.Release|Any CPU.Build.0 = Release|Any CPU
		{10A9FEDD-72AE-4F4E-96F0-07D5760F4C9A}.Debug|Any CPU.ActiveCfg = Debug|Any CPU
		{10A9FEDD-72AE-4F4E-96F0-07D5760F4C9A}.Debug|Any CPU.Build.0 = Debug|Any CPU
		{10A9FEDD-72AE-4F4E-96F0-07D5760F4C9A}.Release|Any CPU.ActiveCfg = Release|Any CPU
		{10A9FEDD-72AE-4F4E-96F0-07D5760F4C9A}.Release|Any CPU.Build.0 = Release|Any CPU
		{6A8D7E28-476A-4C53-8394-A3363BD1FCD5}.Debug|Any CPU.ActiveCfg = Debug|Any CPU
		{6A8D7E28-476A-4C53-8394-A3363BD1FCD5}.Debug|Any CPU.Build.0 = Debug|Any CPU
		{6A8D7E28-476A-4C53-8394-A3363BD1FCD5}.Release|Any CPU.ActiveCfg = Release|Any CPU
		{6A8D7E28-476A-4C53-8394-A3363BD1FCD5}.Release|Any CPU.Build.0 = Release|Any CPU
		{C863BA1C-FEFC-4B8E-9D4F-2B3A5CE150CF}.Debug|Any CPU.ActiveCfg = Debug|Any CPU
		{C863BA1C-FEFC-4B8E-9D4F-2B3A5CE150CF}.Debug|Any CPU.Build.0 = Debug|Any CPU
		{C863BA1C-FEFC-4B8E-9D4F-2B3A5CE150CF}.Release|Any CPU.ActiveCfg = Release|Any CPU
		{C863BA1C-FEFC-4B8E-9D4F-2B3A5CE150CF}.Release|Any CPU.Build.0 = Release|Any CPU
		{E73DF497-4746-4DF1-BE5A-645856A71C00}.Debug|Any CPU.ActiveCfg = Debug|Any CPU
		{E73DF497-4746-4DF1-BE5A-645856A71C00}.Debug|Any CPU.Build.0 = Debug|Any CPU
		{E73DF497-4746-4DF1-BE5A-645856A71C00}.Release|Any CPU.ActiveCfg = Release|Any CPU
		{E73DF497-4746-4DF1-BE5A-645856A71C00}.Release|Any CPU.Build.0 = Release|Any CPU
		{0B1C58C0-E429-47C9-8FBD-3E55A01DEDEB}.Debug|Any CPU.ActiveCfg = Debug|Any CPU
		{0B1C58C0-E429-47C9-8FBD-3E55A01DEDEB}.Debug|Any CPU.Build.0 = Debug|Any CPU
		{0B1C58C0-E429-47C9-8FBD-3E55A01DEDEB}.Release|Any CPU.ActiveCfg = Release|Any CPU
		{0B1C58C0-E429-47C9-8FBD-3E55A01DEDEB}.Release|Any CPU.Build.0 = Release|Any CPU
		{44286CAD-4A1A-4493-BA6F-FA21215F9E8F}.Debug|Any CPU.ActiveCfg = Debug|Any CPU
		{44286CAD-4A1A-4493-BA6F-FA21215F9E8F}.Debug|Any CPU.Build.0 = Debug|Any CPU
		{44286CAD-4A1A-4493-BA6F-FA21215F9E8F}.Release|Any CPU.ActiveCfg = Release|Any CPU
		{44286CAD-4A1A-4493-BA6F-FA21215F9E8F}.Release|Any CPU.Build.0 = Release|Any CPU
		{31FB2829-EC0B-4A30-8BF3-D53E8ABF5E2B}.Debug|Any CPU.ActiveCfg = Debug|Any CPU
		{31FB2829-EC0B-4A30-8BF3-D53E8ABF5E2B}.Debug|Any CPU.Build.0 = Debug|Any CPU
		{31FB2829-EC0B-4A30-8BF3-D53E8ABF5E2B}.Release|Any CPU.ActiveCfg = Release|Any CPU
		{31FB2829-EC0B-4A30-8BF3-D53E8ABF5E2B}.Release|Any CPU.Build.0 = Release|Any CPU
		{58E0687E-CB96-4023-90F2-86CC34039020}.Debug|Any CPU.ActiveCfg = Debug|Any CPU
		{58E0687E-CB96-4023-90F2-86CC34039020}.Debug|Any CPU.Build.0 = Debug|Any CPU
		{58E0687E-CB96-4023-90F2-86CC34039020}.Release|Any CPU.ActiveCfg = Release|Any CPU
		{58E0687E-CB96-4023-90F2-86CC34039020}.Release|Any CPU.Build.0 = Release|Any CPU
		{3BAE4E08-400B-40FC-8C22-A034BD0AB076}.Debug|Any CPU.ActiveCfg = Debug|Any CPU
		{3BAE4E08-400B-40FC-8C22-A034BD0AB076}.Debug|Any CPU.Build.0 = Debug|Any CPU
		{3BAE4E08-400B-40FC-8C22-A034BD0AB076}.Release|Any CPU.ActiveCfg = Release|Any CPU
		{3BAE4E08-400B-40FC-8C22-A034BD0AB076}.Release|Any CPU.Build.0 = Release|Any CPU
		{2449BAC3-BDDD-4A25-9528-F1FDEA4B5680}.Debug|Any CPU.ActiveCfg = Debug|Any CPU
		{2449BAC3-BDDD-4A25-9528-F1FDEA4B5680}.Debug|Any CPU.Build.0 = Debug|Any CPU
		{2449BAC3-BDDD-4A25-9528-F1FDEA4B5680}.Release|Any CPU.ActiveCfg = Release|Any CPU
		{2449BAC3-BDDD-4A25-9528-F1FDEA4B5680}.Release|Any CPU.Build.0 = Release|Any CPU
		{09EFD56F-793C-4394-B8D4-556C9F991903}.Debug|Any CPU.ActiveCfg = Debug|Any CPU
		{09EFD56F-793C-4394-B8D4-556C9F991903}.Debug|Any CPU.Build.0 = Debug|Any CPU
		{09EFD56F-793C-4394-B8D4-556C9F991903}.Release|Any CPU.ActiveCfg = Release|Any CPU
		{09EFD56F-793C-4394-B8D4-556C9F991903}.Release|Any CPU.Build.0 = Release|Any CPU
		{C35D053D-CF5E-45A8-8D7E-FDEB145F0FFD}.Debug|Any CPU.ActiveCfg = Debug|Any CPU
		{C35D053D-CF5E-45A8-8D7E-FDEB145F0FFD}.Debug|Any CPU.Build.0 = Debug|Any CPU
		{C35D053D-CF5E-45A8-8D7E-FDEB145F0FFD}.Release|Any CPU.ActiveCfg = Release|Any CPU
		{C35D053D-CF5E-45A8-8D7E-FDEB145F0FFD}.Release|Any CPU.Build.0 = Release|Any CPU
		{C9426BA9-420E-421B-878B-2A169227EEC5}.Debug|Any CPU.ActiveCfg = Debug|Any CPU
		{C9426BA9-420E-421B-878B-2A169227EEC5}.Debug|Any CPU.Build.0 = Debug|Any CPU
		{C9426BA9-420E-421B-878B-2A169227EEC5}.Release|Any CPU.ActiveCfg = Release|Any CPU
		{C9426BA9-420E-421B-878B-2A169227EEC5}.Release|Any CPU.Build.0 = Release|Any CPU
		{2E5564DD-575B-436B-B118-585BB499691D}.Debug|Any CPU.ActiveCfg = Debug|Any CPU
		{2E5564DD-575B-436B-B118-585BB499691D}.Debug|Any CPU.Build.0 = Debug|Any CPU
		{2E5564DD-575B-436B-B118-585BB499691D}.Release|Any CPU.ActiveCfg = Release|Any CPU
		{2E5564DD-575B-436B-B118-585BB499691D}.Release|Any CPU.Build.0 = Release|Any CPU
	EndGlobalSection
	GlobalSection(SolutionProperties) = preSolution
		HideSolutionNode = FALSE
	EndGlobalSection
	GlobalSection(NestedProjects) = preSolution
		{BD963770-E9EF-4CD0-AE95-3DB2FCE13ED5} = {65918A9E-34F9-49FB-9508-2CACABCDCFEB}
		{420CCEE1-182A-41C0-B3EF-6E3AB3990EB6} = {65918A9E-34F9-49FB-9508-2CACABCDCFEB}
		{BD441018-EDA8-4002-ACA1-506657E3E3B3} = {65918A9E-34F9-49FB-9508-2CACABCDCFEB}
		{665AB68C-3056-497E-A4D7-09B4E8242BDE} = {65918A9E-34F9-49FB-9508-2CACABCDCFEB}
		{B9058001-8052-400C-88B7-1918016AB202} = {65918A9E-34F9-49FB-9508-2CACABCDCFEB}
		{D4C9AFB6-4D4E-4759-9D02-57ABCD00817A} = {65918A9E-34F9-49FB-9508-2CACABCDCFEB}
		{65AAE54D-FB61-45BB-857D-8B2352846AEB} = {65918A9E-34F9-49FB-9508-2CACABCDCFEB}
		{10A9FEDD-72AE-4F4E-96F0-07D5760F4C9A} = {65918A9E-34F9-49FB-9508-2CACABCDCFEB}
		{6A8D7E28-476A-4C53-8394-A3363BD1FCD5} = {65918A9E-34F9-49FB-9508-2CACABCDCFEB}
		{C863BA1C-FEFC-4B8E-9D4F-2B3A5CE150CF} = {65918A9E-34F9-49FB-9508-2CACABCDCFEB}
		{E73DF497-4746-4DF1-BE5A-645856A71C00} = {65918A9E-34F9-49FB-9508-2CACABCDCFEB}
		{0B1C58C0-E429-47C9-8FBD-3E55A01DEDEB} = {65918A9E-34F9-49FB-9508-2CACABCDCFEB}
		{44286CAD-4A1A-4493-BA6F-FA21215F9E8F} = {65918A9E-34F9-49FB-9508-2CACABCDCFEB}
		{31FB2829-EC0B-4A30-8BF3-D53E8ABF5E2B} = {65918A9E-34F9-49FB-9508-2CACABCDCFEB}
		{58E0687E-CB96-4023-90F2-86CC34039020} = {65918A9E-34F9-49FB-9508-2CACABCDCFEB}
		{3BAE4E08-400B-40FC-8C22-A034BD0AB076} = {65918A9E-34F9-49FB-9508-2CACABCDCFEB}
		{2449BAC3-BDDD-4A25-9528-F1FDEA4B5680} = {65918A9E-34F9-49FB-9508-2CACABCDCFEB}
		{09EFD56F-793C-4394-B8D4-556C9F991903} = {65918A9E-34F9-49FB-9508-2CACABCDCFEB}
		{C35D053D-CF5E-45A8-8D7E-FDEB145F0FFD} = {65918A9E-34F9-49FB-9508-2CACABCDCFEB}
		{C9426BA9-420E-421B-878B-2A169227EEC5} = {65918A9E-34F9-49FB-9508-2CACABCDCFEB}
		{2E5564DD-575B-436B-B118-585BB499691D} = {65918A9E-34F9-49FB-9508-2CACABCDCFEB}
	EndGlobalSection
	GlobalSection(ExtensibilityGlobals) = postSolution
		SolutionGuid = {018A6998-64C8-44E8-831A-710D2C490F89}
	EndGlobalSection
EndGlobal
