
Microsoft Visual Studio Solution File, Format Version 12.00
# Visual Studio Version 17
VisualStudioVersion = 17.5.33502.453
MinimumVisualStudioVersion = 10.0.40219.1
Project("{FAE04EC0-301F-11D3-BF4B-00C04F79EFBC}") = "03NotebookPersonalizer", "03NotebookPersonalizer\03NotebookPersonalizer.csproj", "{464A23E4-F4C4-4777-9D96-E072DFD7D4A7}"
EndProject
Global
	GlobalSection(SolutionConfigurationPlatforms) = preSolution
		Debug|Any CPU = Debug|Any CPU
		Release|Any CPU = Release|Any CPU
	EndGlobalSection
	GlobalSection(ProjectConfigurationPlatforms) = postSolution
		{464A23E4-F4C4-4777-9D96-E072DFD7D4A7}.Debug|Any CPU.ActiveCfg = Debug|Any CPU
		{464A23E4-F4C4-4777-9D96-E072DFD7D4A7}.Debug|Any CPU.Build.0 = Debug|Any CPU
		{464A23E4-F4C4-4777-9D96-E072DFD7D4A7}.Release|Any CPU.ActiveCfg = Release|Any CPU
		{464A23E4-F4C4-4777-9D96-E072DFD7D4A7}.Release|Any CPU.Build.0 = Release|Any CPU
	EndGlobalSection
	GlobalSection(SolutionProperties) = preSolution
		HideSolutionNode = FALSE
	EndGlobalSection
	GlobalSection(ExtensibilityGlobals) = postSolution
		SolutionGuid = {F90EA7AD-30C8-4F9C-8550-C3FDECA3A989}
	EndGlobalSection
EndGlobal
